
Microsoft Visual Studio Solution File, Format Version 12.00
# Visual Studio Version 17
VisualStudioVersion = 17.6.33829.357
MinimumVisualStudioVersion = 10.0.40219.1
Project("{888888A0-9F3D-457C-B088-3A5042F75D52}") = "Cheapshark API", "Cheapshark API\Cheapshark API.pyproj", "{BCC67ABB-47CE-4C9C-940F-7A67A4852BB4}"
EndProject
Global
	GlobalSection(SolutionConfigurationPlatforms) = preSolution
		Debug|Any CPU = Debug|Any CPU
		Release|Any CPU = Release|Any CPU
	EndGlobalSection
	GlobalSection(ProjectConfigurationPlatforms) = postSolution
		{BCC67ABB-47CE-4C9C-940F-7A67A4852BB4}.Debug|Any CPU.ActiveCfg = Debug|Any CPU
		{BCC67ABB-47CE-4C9C-940F-7A67A4852BB4}.Release|Any CPU.ActiveCfg = Release|Any CPU
	EndGlobalSection
	GlobalSection(SolutionProperties) = preSolution
		HideSolutionNode = FALSE
	EndGlobalSection
	GlobalSection(ExtensibilityGlobals) = postSolution
		SolutionGuid = {5E22E9FA-7075-4DDD-A1D7-941B288D98C7}
	EndGlobalSection
EndGlobal
